
Microsoft Visual Studio Solution File, Format Version 12.00
# Visual Studio Version 16
VisualStudioVersion = 16.0.31727.386
MinimumVisualStudioVersion = 10.0.40219.1
Project("{9A19103F-16F7-4668-BE54-9A1E7A4F7556}") = "RDPoverSSH", "RDPoverSSH\RDPoverSSH.csproj", "{E1A6A76A-9C37-48C2-9286-DA99A5A63D25}"
EndProject
Project("{2150E333-8FDC-42A3-9474-1A3956D46DE8}") = "Solution Items", "Solution Items", "{B85A2ECA-0FD9-4B27-94A1-A476D7C064D1}"
	ProjectSection(SolutionItems) = preProject
		.gitignore = .gitignore
		README.md = README.md
	EndProjectSection
EndProject
Project("{9A19103F-16F7-4668-BE54-9A1E7A4F7556}") = "RDPoverSSH.Service", "RDPoverSSH.Service\RDPoverSSH.Service.csproj", "{75117BCB-FDAB-46E2-91E7-ACCAF90270AF}"
EndProject
Project("{9A19103F-16F7-4668-BE54-9A1E7A4F7556}") = "RDPoverSSH.DataModel", "RDPoverSSH.DataModel\RDPoverSSH.DataModel.csproj", "{6CAA5426-BFCA-4E1B-A902-C3D173890560}"
EndProject
Global
	GlobalSection(SolutionConfigurationPlatforms) = preSolution
		Debug|Any CPU = Debug|Any CPU
		Release|Any CPU = Release|Any CPU
	EndGlobalSection
	GlobalSection(ProjectConfigurationPlatforms) = postSolution
		{E1A6A76A-9C37-48C2-9286-DA99A5A63D25}.Debug|Any CPU.ActiveCfg = Debug|Any CPU
		{E1A6A76A-9C37-48C2-9286-DA99A5A63D25}.Debug|Any CPU.Build.0 = Debug|Any CPU
		{E1A6A76A-9C37-48C2-9286-DA99A5A63D25}.Release|Any CPU.ActiveCfg = Release|Any CPU
		{E1A6A76A-9C37-48C2-9286-DA99A5A63D25}.Release|Any CPU.Build.0 = Release|Any CPU
		{75117BCB-FDAB-46E2-91E7-ACCAF90270AF}.Debug|Any CPU.ActiveCfg = Debug|Any CPU
		{75117BCB-FDAB-46E2-91E7-ACCAF90270AF}.Debug|Any CPU.Build.0 = Debug|Any CPU
		{75117BCB-FDAB-46E2-91E7-ACCAF90270AF}.Release|Any CPU.ActiveCfg = Release|Any CPU
		{75117BCB-FDAB-46E2-91E7-ACCAF90270AF}.Release|Any CPU.Build.0 = Release|Any CPU
		{6CAA5426-BFCA-4E1B-A902-C3D173890560}.Debug|Any CPU.ActiveCfg = Debug|Any CPU
		{6CAA5426-BFCA-4E1B-A902-C3D173890560}.Debug|Any CPU.Build.0 = Debug|Any CPU
		{6CAA5426-BFCA-4E1B-A902-C3D173890560}.Release|Any CPU.ActiveCfg = Release|Any CPU
		{6CAA5426-BFCA-4E1B-A902-C3D173890560}.Release|Any CPU.Build.0 = Release|Any CPU
	EndGlobalSection
	GlobalSection(SolutionProperties) = preSolution
		HideSolutionNode = FALSE
	EndGlobalSection
	GlobalSection(ExtensibilityGlobals) = postSolution
		SolutionGuid = {D9455B40-2244-4251-8A89-DB6578C45074}
	EndGlobalSection
EndGlobal
